{
  "name": "lesson3.6",
  "lockfileVersion": 3,
  "requires": true,
  "packages": {
    "": {
      "dependencies": {
        "@fontsource/inter": "^5.0.15",
        "@fontsource/nunito": "^5.0.15",
        "bootstrap-icons": "^1.11.1"
      }
    },
    "node_modules/@fontsource/inter": {
      "version": "5.0.15",
      "resolved": "https://registry.npmjs.org/@fontsource/inter/-/inter-5.0.15.tgz",
      "integrity": "sha512-/IoWYEXl8lqJEx50JqNPT+bI4VNwxb/bg2oOfvG8PiEsDsmHRFvWBVHlohBNn1+QdBf+KbAjU/gb4vlGOSsVWw=="
    },
    "node_modules/@fontsource/nunito": {
      "version": "5.0.15",
      "resolved": "https://registry.npmjs.org/@fontsource/nunito/-/nunito-5.0.15.tgz",
      "integrity": "sha512-o36habKjgySoJPJJUR5s+Iv3E1FyzgKXxPLiMODJV4pzVMm17szTicRIE2CT1VrZg38SPTvc+/3znJCfEc99vA=="
    },
    "node_modules/bootstrap-icons": {
      "version": "1.11.1",
      "resolved": "https://registry.npmjs.org/bootstrap-icons/-/bootstrap-icons-1.11.1.tgz",
      "integrity": "sha512-F0DDp7nKUX+x/QtpfRZ+XHFya60ng9nfdpdS59vDDfs4Uhuxp7zym/QavMsu/xx51txkoM9eVmpE7D08N35blw==",
      "funding": [
        {
          "type": "github",
          "url": "https://github.com/sponsors/twbs"
        },
        {
          "type": "opencollective",
          "url": "https://opencollective.com/bootstrap"
        }
      ]
    }
  }
}
